<?xml version="1.0" encoding="utf-8"?>
<Project ToolsVersion="4.0" xmlns="http://schemas.microsoft.com/developer/msbuild/2003">
  <ItemGroup>
    <Filter Include="소스 파일">
      <UniqueIdentifier>{4FC737F1-C7A5-4376-A066-2A32D752A2FF}</UniqueIdentifier>
      <Extensions>cpp;c;cc;cxx;def;odl;idl;hpj;bat;asm;asmx</Extensions>
    </Filter>
    <Filter Include="소스 파일\Graphic">
      <UniqueIdentifier>{377a87c4-03d2-4942-ab47-b030e8e4f29e}</UniqueIdentifier>
    </Filter>
    <Filter Include="소스 파일\Manager">
      <UniqueIdentifier>{a9f23bce-dcef-4530-b59d-9337c14ab85c}</UniqueIdentifier>
    </Filter>
    <Filter Include="소스 파일\Device">
      <UniqueIdentifier>{0cfeb67d-5181-4bca-a2af-269018df8774}</UniqueIdentifier>
    </Filter>
    <Filter Include="소스 파일\Util">
      <UniqueIdentifier>{1b90e4f6-92ca-4e2c-8d71-d2ad67b5842b}</UniqueIdentifier>
    </Filter>
    <Filter Include="소스 파일\Math">
      <UniqueIdentifier>{4814638f-d2d5-419b-8be9-694e3d3a5968}</UniqueIdentifier>
    </Filter>
    <Filter Include="리소스 파일">
      <UniqueIdentifier>{67DA6AB6-F800-4c08-8B7A-83BB121AAD01}</UniqueIdentifier>
      <Extensions>rc;ico;cur;bmp;dlg;rc2;rct;bin;rgs;gif;jpg;jpeg;jpe;resx;tiff;tif;png;wav</Extensions>
    </Filter>
  </ItemGroup>
  <ItemGroup>
    <ClInclude Include="defines.h">
      <Filter>소스 파일</Filter>
    </ClInclude>
    <ClInclude Include="stdafx.h">
      <Filter>소스 파일</Filter>
    </ClInclude>
    <ClInclude Include="Color.h">
      <Filter>소스 파일\Graphic</Filter>
    </ClInclude>
    <ClInclude Include="DIBSection.h">
      <Filter>소스 파일\Graphic</Filter>
    </ClInclude>
    <ClInclude Include="Pixel.h">
      <Filter>소스 파일\Graphic</Filter>
    </ClInclude>
    <ClInclude Include="GameManager.h">
      <Filter>소스 파일\Manager</Filter>
    </ClInclude>
    <ClInclude Include="Singleton.h">
      <Filter>소스 파일\Manager</Filter>
    </ClInclude>
    <ClInclude Include="Utility.h">
      <Filter>소스 파일\Util</Filter>
    </ClInclude>
    <ClInclude Include="Math.h">
      <Filter>소스 파일\Math</Filter>
    </ClInclude>
    <ClInclude Include="Vector.h">
      <Filter>소스 파일\Math</Filter>
    </ClInclude>
    <ClInclude Include="VectorFunction.h">
      <Filter>소스 파일\Math</Filter>
    </ClInclude>
    <ClInclude Include="Model.h">
      <Filter>소스 파일\Graphic</Filter>
    </ClInclude>
  </ItemGroup>
  <ItemGroup>
    <ClCompile Include="Color.cpp">
      <Filter>소스 파일\Graphic</Filter>
    </ClCompile>
    <ClCompile Include="DIBSection.cpp">
      <Filter>소스 파일\Graphic</Filter>
    </ClCompile>
    <ClCompile Include="Pixel.cpp">
      <Filter>소스 파일\Graphic</Filter>
    </ClCompile>
    <ClCompile Include="GameManager.cpp">
      <Filter>소스 파일\Manager</Filter>
    </ClCompile>
    <ClCompile Include="Singleton.cpp">
      <Filter>소스 파일\Manager</Filter>
    </ClCompile>
    <ClCompile Include="main.cpp">
      <Filter>소스 파일\Device</Filter>
    </ClCompile>
    <ClCompile Include="Utility.cpp">
      <Filter>소스 파일\Util</Filter>
    </ClCompile>
    <ClCompile Include="Vector.cpp">
      <Filter>소스 파일\Math</Filter>
    </ClCompile>
    <ClCompile Include="VectorFunction.cpp">
      <Filter>소스 파일\Math</Filter>
    </ClCompile>
    <ClCompile Include="Model.cpp">
      <Filter>소스 파일\Graphic</Filter>
    </ClCompile>
  </ItemGroup>
</Project>